// !$*UTF8*$!
{
	archiveVersion = 1;
	classes = {
	};
	objectVersion = 50;
	objects = {

/* Begin PBXBuildFile section */
		320CC57E24C21BA000CE1932 /* Constants.swift in Sources */ = {isa = PBXBuildFile; fileRef = 320CC57D24C21BA000CE1932 /* Constants.swift */; };
		3211C12624AB1245006EF20F /* UbuntuMono-BI.ttf in Resources */ = {isa = PBXBuildFile; fileRef = 3211C12224AB1245006EF20F /* UbuntuMono-BI.ttf */; };
		3211C12724AB1245006EF20F /* UbuntuMono-RI.ttf in Resources */ = {isa = PBXBuildFile; fileRef = 3211C12324AB1245006EF20F /* UbuntuMono-RI.ttf */; };
		3211C12824AB1245006EF20F /* UbuntuMono-R.ttf in Resources */ = {isa = PBXBuildFile; fileRef = 3211C12424AB1245006EF20F /* UbuntuMono-R.ttf */; };
		3211C12924AB1245006EF20F /* UbuntuMono-B.ttf in Resources */ = {isa = PBXBuildFile; fileRef = 3211C12524AB1245006EF20F /* UbuntuMono-B.ttf */; };
		3211C12B24AB13F3006EF20F /* StartViewController.swift in Sources */ = {isa = PBXBuildFile; fileRef = 3211C12A24AB13F3006EF20F /* StartViewController.swift */; };
		3211C12D24AB34E7006EF20F /* TopSideRoundTabBar.swift in Sources */ = {isa = PBXBuildFile; fileRef = 3211C12C24AB34E7006EF20F /* TopSideRoundTabBar.swift */; };
		32B5319924C1C10E00243056 /* YogaUIViewController.swift in Sources */ = {isa = PBXBuildFile; fileRef = 32B5319824C1C10E00243056 /* YogaUIViewController.swift */; };
		32B5319C24C1C9F500243056 /* CommonUI.swift in Sources */ = {isa = PBXBuildFile; fileRef = 32B5319B24C1C9F500243056 /* CommonUI.swift */; };
		32C2B7DA24AB5E6E002F2064 /* Ubuntu-C.ttf in Resources */ = {isa = PBXBuildFile; fileRef = 32C2B7D024AB5E6D002F2064 /* Ubuntu-C.ttf */; };
		32C2B7DB24AB5E6E002F2064 /* Ubuntu-M.ttf in Resources */ = {isa = PBXBuildFile; fileRef = 32C2B7D124AB5E6D002F2064 /* Ubuntu-M.ttf */; };
		32C2B7DC24AB5E6E002F2064 /* Ubuntu-MI.ttf in Resources */ = {isa = PBXBuildFile; fileRef = 32C2B7D224AB5E6D002F2064 /* Ubuntu-MI.ttf */; };
		32C2B7DD24AB5E6E002F2064 /* Ubuntu-LI.ttf in Resources */ = {isa = PBXBuildFile; fileRef = 32C2B7D324AB5E6D002F2064 /* Ubuntu-LI.ttf */; };
		32C2B7DE24AB5E6E002F2064 /* Ubuntu-L.ttf in Resources */ = {isa = PBXBuildFile; fileRef = 32C2B7D424AB5E6E002F2064 /* Ubuntu-L.ttf */; };
		32C2B7DF24AB5E6E002F2064 /* Ubuntu-R.ttf in Resources */ = {isa = PBXBuildFile; fileRef = 32C2B7D524AB5E6E002F2064 /* Ubuntu-R.ttf */; };
		32C2B7E024AB5E6E002F2064 /* Ubuntu-B.ttf in Resources */ = {isa = PBXBuildFile; fileRef = 32C2B7D624AB5E6E002F2064 /* Ubuntu-B.ttf */; };
		32C2B7E124AB5E6E002F2064 /* Ubuntu-Th.ttf in Resources */ = {isa = PBXBuildFile; fileRef = 32C2B7D724AB5E6E002F2064 /* Ubuntu-Th.ttf */; };
		32C2B7E224AB5E6E002F2064 /* Ubuntu-BI.ttf in Resources */ = {isa = PBXBuildFile; fileRef = 32C2B7D824AB5E6E002F2064 /* Ubuntu-BI.ttf */; };
		32C2B7E324AB5E6E002F2064 /* Ubuntu-RI.ttf in Resources */ = {isa = PBXBuildFile; fileRef = 32C2B7D924AB5E6E002F2064 /* Ubuntu-RI.ttf */; };
		32C2B7E624AB613D002F2064 /* yoga_image.jpg in Resources */ = {isa = PBXBuildFile; fileRef = 32C2B7E524AB613D002F2064 /* yoga_image.jpg */; };
		32CF274A24A1269D0049761E /* AppDelegate.swift in Sources */ = {isa = PBXBuildFile; fileRef = 32CF274924A1269D0049761E /* AppDelegate.swift */; };
		32CF274C24A1269D0049761E /* SceneDelegate.swift in Sources */ = {isa = PBXBuildFile; fileRef = 32CF274B24A1269D0049761E /* SceneDelegate.swift */; };
		32CF275324A1269D0049761E /* Main.storyboard in Resources */ = {isa = PBXBuildFile; fileRef = 32CF275124A1269D0049761E /* Main.storyboard */; };
		32CF275524A1269F0049761E /* Assets.xcassets in Resources */ = {isa = PBXBuildFile; fileRef = 32CF275424A1269F0049761E /* Assets.xcassets */; };
		32CF275824A1269F0049761E /* LaunchScreen.storyboard in Resources */ = {isa = PBXBuildFile; fileRef = 32CF275624A1269F0049761E /* LaunchScreen.storyboard */; };
		32CF276324A1269F0049761E /* iYogaTests.swift in Sources */ = {isa = PBXBuildFile; fileRef = 32CF276224A1269F0049761E /* iYogaTests.swift */; };
		32CF276E24A1269F0049761E /* iYogaUITests.swift in Sources */ = {isa = PBXBuildFile; fileRef = 32CF276D24A1269F0049761E /* iYogaUITests.swift */; };
		32D4FABA24A3823B006D9B96 /* Extension.swift in Sources */ = {isa = PBXBuildFile; fileRef = 32D4FAB924A3823B006D9B96 /* Extension.swift */; };
		32D4FAC124A38A04006D9B96 /* ChatsViewController.swift in Sources */ = {isa = PBXBuildFile; fileRef = 32D4FABD24A38A04006D9B96 /* ChatsViewController.swift */; };
		32D4FAC224A38A04006D9B96 /* ArticlesViewController.swift in Sources */ = {isa = PBXBuildFile; fileRef = 32D4FABE24A38A04006D9B96 /* ArticlesViewController.swift */; };
		32D4FAC424A38A04006D9B96 /* SettingsViewController.swift in Sources */ = {isa = PBXBuildFile; fileRef = 32D4FAC024A38A04006D9B96 /* SettingsViewController.swift */; };
/* End PBXBuildFile section */

/* Begin PBXContainerItemProxy section */
		32CF275F24A1269F0049761E /* PBXContainerItemProxy */ = {
			isa = PBXContainerItemProxy;
			containerPortal = 32CF273E24A1269D0049761E /* Project object */;
			proxyType = 1;
			remoteGlobalIDString = 32CF274524A1269D0049761E;
			remoteInfo = iYoga;
		};
		32CF276A24A1269F0049761E /* PBXContainerItemProxy */ = {
			isa = PBXContainerItemProxy;
			containerPortal = 32CF273E24A1269D0049761E /* Project object */;
			proxyType = 1;
			remoteGlobalIDString = 32CF274524A1269D0049761E;
			remoteInfo = iYoga;
		};
/* End PBXContainerItemProxy section */

/* Begin PBXFileReference section */
		320CC57D24C21BA000CE1932 /* Constants.swift */ = {isa = PBXFileReference; lastKnownFileType = sourcecode.swift; path = Constants.swift; sourceTree = "<group>"; };
		3211C12224AB1245006EF20F /* UbuntuMono-BI.ttf */ = {isa = PBXFileReference; lastKnownFileType = file; path = "UbuntuMono-BI.ttf"; sourceTree = "<group>"; };
		3211C12324AB1245006EF20F /* UbuntuMono-RI.ttf */ = {isa = PBXFileReference; lastKnownFileType = file; path = "UbuntuMono-RI.ttf"; sourceTree = "<group>"; };
		3211C12424AB1245006EF20F /* UbuntuMono-R.ttf */ = {isa = PBXFileReference; lastKnownFileType = file; path = "UbuntuMono-R.ttf"; sourceTree = "<group>"; };
		3211C12524AB1245006EF20F /* UbuntuMono-B.ttf */ = {isa = PBXFileReference; lastKnownFileType = file; path = "UbuntuMono-B.ttf"; sourceTree = "<group>"; };
		3211C12A24AB13F3006EF20F /* StartViewController.swift */ = {isa = PBXFileReference; fileEncoding = 4; lastKnownFileType = sourcecode.swift; path = StartViewController.swift; sourceTree = "<group>"; };
		3211C12C24AB34E7006EF20F /* TopSideRoundTabBar.swift */ = {isa = PBXFileReference; lastKnownFileType = sourcecode.swift; path = TopSideRoundTabBar.swift; sourceTree = "<group>"; };
		32B5319824C1C10E00243056 /* YogaUIViewController.swift */ = {isa = PBXFileReference; fileEncoding = 4; lastKnownFileType = sourcecode.swift; path = YogaUIViewController.swift; sourceTree = "<group>"; };
		32B5319B24C1C9F500243056 /* CommonUI.swift */ = {isa = PBXFileReference; lastKnownFileType = sourcecode.swift; path = CommonUI.swift; sourceTree = "<group>"; };
		32C2B7D024AB5E6D002F2064 /* Ubuntu-C.ttf */ = {isa = PBXFileReference; lastKnownFileType = file; path = "Ubuntu-C.ttf"; sourceTree = "<group>"; };
		32C2B7D124AB5E6D002F2064 /* Ubuntu-M.ttf */ = {isa = PBXFileReference; lastKnownFileType = file; path = "Ubuntu-M.ttf"; sourceTree = "<group>"; };
		32C2B7D224AB5E6D002F2064 /* Ubuntu-MI.ttf */ = {isa = PBXFileReference; lastKnownFileType = file; path = "Ubuntu-MI.ttf"; sourceTree = "<group>"; };
		32C2B7D324AB5E6D002F2064 /* Ubuntu-LI.ttf */ = {isa = PBXFileReference; lastKnownFileType = file; path = "Ubuntu-LI.ttf"; sourceTree = "<group>"; };
		32C2B7D424AB5E6E002F2064 /* Ubuntu-L.ttf */ = {isa = PBXFileReference; lastKnownFileType = file; path = "Ubuntu-L.ttf"; sourceTree = "<group>"; };
		32C2B7D524AB5E6E002F2064 /* Ubuntu-R.ttf */ = {isa = PBXFileReference; lastKnownFileType = file; path = "Ubuntu-R.ttf"; sourceTree = "<group>"; };
		32C2B7D624AB5E6E002F2064 /* Ubuntu-B.ttf */ = {isa = PBXFileReference; lastKnownFileType = file; path = "Ubuntu-B.ttf"; sourceTree = "<group>"; };
		32C2B7D724AB5E6E002F2064 /* Ubuntu-Th.ttf */ = {isa = PBXFileReference; lastKnownFileType = file; path = "Ubuntu-Th.ttf"; sourceTree = "<group>"; };
		32C2B7D824AB5E6E002F2064 /* Ubuntu-BI.ttf */ = {isa = PBXFileReference; lastKnownFileType = file; path = "Ubuntu-BI.ttf"; sourceTree = "<group>"; };
		32C2B7D924AB5E6E002F2064 /* Ubuntu-RI.ttf */ = {isa = PBXFileReference; lastKnownFileType = file; path = "Ubuntu-RI.ttf"; sourceTree = "<group>"; };
		32C2B7E524AB613D002F2064 /* yoga_image.jpg */ = {isa = PBXFileReference; lastKnownFileType = image.jpeg; path = yoga_image.jpg; sourceTree = "<group>"; };
		32CF274624A1269D0049761E /* iYoga.app */ = {isa = PBXFileReference; explicitFileType = wrapper.application; includeInIndex = 0; path = iYoga.app; sourceTree = BUILT_PRODUCTS_DIR; };
		32CF274924A1269D0049761E /* AppDelegate.swift */ = {isa = PBXFileReference; lastKnownFileType = sourcecode.swift; path = AppDelegate.swift; sourceTree = "<group>"; };
		32CF274B24A1269D0049761E /* SceneDelegate.swift */ = {isa = PBXFileReference; lastKnownFileType = sourcecode.swift; path = SceneDelegate.swift; sourceTree = "<group>"; };
		32CF275224A1269D0049761E /* Base */ = {isa = PBXFileReference; lastKnownFileType = file.storyboard; name = Base; path = Base.lproj/Main.storyboard; sourceTree = "<group>"; };
		32CF275424A1269F0049761E /* Assets.xcassets */ = {isa = PBXFileReference; lastKnownFileType = folder.assetcatalog; path = Assets.xcassets; sourceTree = "<group>"; };
		32CF275724A1269F0049761E /* Base */ = {isa = PBXFileReference; lastKnownFileType = file.storyboard; name = Base; path = Base.lproj/LaunchScreen.storyboard; sourceTree = "<group>"; };
		32CF275924A1269F0049761E /* Info.plist */ = {isa = PBXFileReference; lastKnownFileType = text.plist.xml; path = Info.plist; sourceTree = "<group>"; };
		32CF275E24A1269F0049761E /* iYogaTests.xctest */ = {isa = PBXFileReference; explicitFileType = wrapper.cfbundle; includeInIndex = 0; path = iYogaTests.xctest; sourceTree = BUILT_PRODUCTS_DIR; };
		32CF276224A1269F0049761E /* iYogaTests.swift */ = {isa = PBXFileReference; lastKnownFileType = sourcecode.swift; path = iYogaTests.swift; sourceTree = "<group>"; };
		32CF276424A1269F0049761E /* Info.plist */ = {isa = PBXFileReference; lastKnownFileType = text.plist.xml; path = Info.plist; sourceTree = "<group>"; };
		32CF276924A1269F0049761E /* iYogaUITests.xctest */ = {isa = PBXFileReference; explicitFileType = wrapper.cfbundle; includeInIndex = 0; path = iYogaUITests.xctest; sourceTree = BUILT_PRODUCTS_DIR; };
		32CF276D24A1269F0049761E /* iYogaUITests.swift */ = {isa = PBXFileReference; lastKnownFileType = sourcecode.swift; path = iYogaUITests.swift; sourceTree = "<group>"; };
		32CF276F24A1269F0049761E /* Info.plist */ = {isa = PBXFileReference; lastKnownFileType = text.plist.xml; path = Info.plist; sourceTree = "<group>"; };
		32D4FAB924A3823B006D9B96 /* Extension.swift */ = {isa = PBXFileReference; lastKnownFileType = sourcecode.swift; path = Extension.swift; sourceTree = "<group>"; };
		32D4FABD24A38A04006D9B96 /* ChatsViewController.swift */ = {isa = PBXFileReference; fileEncoding = 4; lastKnownFileType = sourcecode.swift; path = ChatsViewController.swift; sourceTree = "<group>"; };
		32D4FABE24A38A04006D9B96 /* ArticlesViewController.swift */ = {isa = PBXFileReference; fileEncoding = 4; lastKnownFileType = sourcecode.swift; path = ArticlesViewController.swift; sourceTree = "<group>"; };
		32D4FAC024A38A04006D9B96 /* SettingsViewController.swift */ = {isa = PBXFileReference; fileEncoding = 4; lastKnownFileType = sourcecode.swift; path = SettingsViewController.swift; sourceTree = "<group>"; };
/* End PBXFileReference section */

/* Begin PBXFrameworksBuildPhase section */
		32CF274324A1269D0049761E /* Frameworks */ = {
			isa = PBXFrameworksBuildPhase;
			buildActionMask = 2147483647;
			files = (
			);
			runOnlyForDeploymentPostprocessing = 0;
		};
		32CF275B24A1269F0049761E /* Frameworks */ = {
			isa = PBXFrameworksBuildPhase;
			buildActionMask = 2147483647;
			files = (
			);
			runOnlyForDeploymentPostprocessing = 0;
		};
		32CF276624A1269F0049761E /* Frameworks */ = {
			isa = PBXFrameworksBuildPhase;
			buildActionMask = 2147483647;
			files = (
			);
			runOnlyForDeploymentPostprocessing = 0;
		};
/* End PBXFrameworksBuildPhase section */

/* Begin PBXGroup section */
		3211C10D24AB0F96006EF20F /* Fonts */ = {
			isa = PBXGroup;
			children = (
				32C2B7D624AB5E6E002F2064 /* Ubuntu-B.ttf */,
				32C2B7D824AB5E6E002F2064 /* Ubuntu-BI.ttf */,
				32C2B7D024AB5E6D002F2064 /* Ubuntu-C.ttf */,
				32C2B7D424AB5E6E002F2064 /* Ubuntu-L.ttf */,
				32C2B7D324AB5E6D002F2064 /* Ubuntu-LI.ttf */,
				32C2B7D124AB5E6D002F2064 /* Ubuntu-M.ttf */,
				32C2B7D224AB5E6D002F2064 /* Ubuntu-MI.ttf */,
				32C2B7D524AB5E6E002F2064 /* Ubuntu-R.ttf */,
				32C2B7D924AB5E6E002F2064 /* Ubuntu-RI.ttf */,
				32C2B7D724AB5E6E002F2064 /* Ubuntu-Th.ttf */,
				3211C12524AB1245006EF20F /* UbuntuMono-B.ttf */,
				3211C12224AB1245006EF20F /* UbuntuMono-BI.ttf */,
				3211C12424AB1245006EF20F /* UbuntuMono-R.ttf */,
				3211C12324AB1245006EF20F /* UbuntuMono-RI.ttf */,
			);
			path = Fonts;
			sourceTree = "<group>";
		};
		3211C13124AB3682006EF20F /* Views */ = {
			isa = PBXGroup;
			children = (
				3211C12C24AB34E7006EF20F /* TopSideRoundTabBar.swift */,
			);
			path = Views;
			sourceTree = "<group>";
		};
		32C2B7E424AB611C002F2064 /* Images */ = {
			isa = PBXGroup;
			children = (
				32C2B7E524AB613D002F2064 /* yoga_image.jpg */,
			);
			path = Images;
			sourceTree = "<group>";
		};
		32CF273D24A1269D0049761E = {
			isa = PBXGroup;
			children = (
				32CF274824A1269D0049761E /* iYoga */,
				32CF276124A1269F0049761E /* iYogaTests */,
				32CF276C24A1269F0049761E /* iYogaUITests */,
				32CF274724A1269D0049761E /* Products */,
			);
			sourceTree = "<group>";
		};
		32CF274724A1269D0049761E /* Products */ = {
			isa = PBXGroup;
			children = (
				32CF274624A1269D0049761E /* iYoga.app */,
				32CF275E24A1269F0049761E /* iYogaTests.xctest */,
				32CF276924A1269F0049761E /* iYogaUITests.xctest */,
			);
			name = Products;
			sourceTree = "<group>";
		};
		32CF274824A1269D0049761E /* iYoga */ = {
			isa = PBXGroup;
			children = (
				32CF275924A1269F0049761E /* Info.plist */,
				32CF275424A1269F0049761E /* Assets.xcassets */,
				32CF274924A1269D0049761E /* AppDelegate.swift */,
				32CF274B24A1269D0049761E /* SceneDelegate.swift */,
				3211C12A24AB13F3006EF20F /* StartViewController.swift */,
				32CF275124A1269D0049761E /* Main.storyboard */,
				32CF275624A1269F0049761E /* LaunchScreen.storyboard */,
				32D4FABC24A38A04006D9B96 /* ViewController */,
				3211C13124AB3682006EF20F /* Views */,
				32C2B7E424AB611C002F2064 /* Images */,
				3211C10D24AB0F96006EF20F /* Fonts */,
				32D4FAB824A3821E006D9B96 /* Utils */,
			);
			path = iYoga;
			sourceTree = "<group>";
		};
		32CF276124A1269F0049761E /* iYogaTests */ = {
			isa = PBXGroup;
			children = (
				32CF276224A1269F0049761E /* iYogaTests.swift */,
				32CF276424A1269F0049761E /* Info.plist */,
			);
			path = iYogaTests;
			sourceTree = "<group>";
		};
		32CF276C24A1269F0049761E /* iYogaUITests */ = {
			isa = PBXGroup;
			children = (
				32CF276D24A1269F0049761E /* iYogaUITests.swift */,
				32CF276F24A1269F0049761E /* Info.plist */,
			);
			path = iYogaUITests;
			sourceTree = "<group>";
		};
		32D4FAB824A3821E006D9B96 /* Utils */ = {
			isa = PBXGroup;
			children = (
				32B5319B24C1C9F500243056 /* CommonUI.swift */,
				32D4FAB924A3823B006D9B96 /* Extension.swift */,
				320CC57D24C21BA000CE1932 /* Constants.swift */,
			);
			path = Utils;
			sourceTree = "<group>";
		};
		32D4FABC24A38A04006D9B96 /* ViewController */ = {
			isa = PBXGroup;
			children = (
				32B5319824C1C10E00243056 /* YogaUIViewController.swift */,
				32D4FABD24A38A04006D9B96 /* ChatsViewController.swift */,
				32D4FABE24A38A04006D9B96 /* ArticlesViewController.swift */,
				32D4FAC024A38A04006D9B96 /* SettingsViewController.swift */,
			);
			path = ViewController;
			sourceTree = "<group>";
		};
/* End PBXGroup section */

/* Begin PBXNativeTarget section */
		32CF274524A1269D0049761E /* iYoga */ = {
			isa = PBXNativeTarget;
			buildConfigurationList = 32CF277224A1269F0049761E /* Build configuration list for PBXNativeTarget "iYoga" */;
			buildPhases = (
				32CF274224A1269D0049761E /* Sources */,
				32CF274324A1269D0049761E /* Frameworks */,
				32CF274424A1269D0049761E /* Resources */,
			);
			buildRules = (
			);
			dependencies = (
			);
			name = iYoga;
			productName = iYoga;
			productReference = 32CF274624A1269D0049761E /* iYoga.app */;
			productType = "com.apple.product-type.application";
		};
		32CF275D24A1269F0049761E /* iYogaTests */ = {
			isa = PBXNativeTarget;
			buildConfigurationList = 32CF277524A1269F0049761E /* Build configuration list for PBXNativeTarget "iYogaTests" */;
			buildPhases = (
				32CF275A24A1269F0049761E /* Sources */,
				32CF275B24A1269F0049761E /* Frameworks */,
				32CF275C24A1269F0049761E /* Resources */,
			);
			buildRules = (
			);
			dependencies = (
				32CF276024A1269F0049761E /* PBXTargetDependency */,
			);
			name = iYogaTests;
			productName = iYogaTests;
			productReference = 32CF275E24A1269F0049761E /* iYogaTests.xctest */;
			productType = "com.apple.product-type.bundle.unit-test";
		};
		32CF276824A1269F0049761E /* iYogaUITests */ = {
			isa = PBXNativeTarget;
			buildConfigurationList = 32CF277824A1269F0049761E /* Build configuration list for PBXNativeTarget "iYogaUITests" */;
			buildPhases = (
				32CF276524A1269F0049761E /* Sources */,
				32CF276624A1269F0049761E /* Frameworks */,
				32CF276724A1269F0049761E /* Resources */,
			);
			buildRules = (
			);
			dependencies = (
				32CF276B24A1269F0049761E /* PBXTargetDependency */,
			);
			name = iYogaUITests;
			productName = iYogaUITests;
			productReference = 32CF276924A1269F0049761E /* iYogaUITests.xctest */;
			productType = "com.apple.product-type.bundle.ui-testing";
		};
/* End PBXNativeTarget section */

/* Begin PBXProject section */
		32CF273E24A1269D0049761E /* Project object */ = {
			isa = PBXProject;
			attributes = {
				LastSwiftUpdateCheck = 1150;
				LastUpgradeCheck = 1150;
				ORGANIZATIONNAME = Kaustubh;
				TargetAttributes = {
					32CF274524A1269D0049761E = {
						CreatedOnToolsVersion = 11.5;
					};
					32CF275D24A1269F0049761E = {
						CreatedOnToolsVersion = 11.5;
						TestTargetID = 32CF274524A1269D0049761E;
					};
					32CF276824A1269F0049761E = {
						CreatedOnToolsVersion = 11.5;
						TestTargetID = 32CF274524A1269D0049761E;
					};
				};
			};
			buildConfigurationList = 32CF274124A1269D0049761E /* Build configuration list for PBXProject "iYoga" */;
			compatibilityVersion = "Xcode 9.3";
			developmentRegion = en;
			hasScannedForEncodings = 0;
			knownRegions = (
				en,
				Base,
			);
			mainGroup = 32CF273D24A1269D0049761E;
			productRefGroup = 32CF274724A1269D0049761E /* Products */;
			projectDirPath = "";
			projectRoot = "";
			targets = (
				32CF274524A1269D0049761E /* iYoga */,
				32CF275D24A1269F0049761E /* iYogaTests */,
				32CF276824A1269F0049761E /* iYogaUITests */,
			);
		};
/* End PBXProject section */

/* Begin PBXResourcesBuildPhase section */
		32CF274424A1269D0049761E /* Resources */ = {
			isa = PBXResourcesBuildPhase;
			buildActionMask = 2147483647;
			files = (
				32C2B7DE24AB5E6E002F2064 /* Ubuntu-L.ttf in Resources */,
				3211C12624AB1245006EF20F /* UbuntuMono-BI.ttf in Resources */,
				32C2B7DC24AB5E6E002F2064 /* Ubuntu-MI.ttf in Resources */,
				32CF275824A1269F0049761E /* LaunchScreen.storyboard in Resources */,
				32C2B7E224AB5E6E002F2064 /* Ubuntu-BI.ttf in Resources */,
				3211C12824AB1245006EF20F /* UbuntuMono-R.ttf in Resources */,
				32C2B7E324AB5E6E002F2064 /* Ubuntu-RI.ttf in Resources */,
				32C2B7DA24AB5E6E002F2064 /* Ubuntu-C.ttf in Resources */,
				32C2B7DD24AB5E6E002F2064 /* Ubuntu-LI.ttf in Resources */,
				32CF275524A1269F0049761E /* Assets.xcassets in Resources */,
				32CF275324A1269D0049761E /* Main.storyboard in Resources */,
				32C2B7E624AB613D002F2064 /* yoga_image.jpg in Resources */,
				32C2B7E124AB5E6E002F2064 /* Ubuntu-Th.ttf in Resources */,
				32C2B7DB24AB5E6E002F2064 /* Ubuntu-M.ttf in Resources */,
				32C2B7E024AB5E6E002F2064 /* Ubuntu-B.ttf in Resources */,
				3211C12924AB1245006EF20F /* UbuntuMono-B.ttf in Resources */,
				32C2B7DF24AB5E6E002F2064 /* Ubuntu-R.ttf in Resources */,
				3211C12724AB1245006EF20F /* UbuntuMono-RI.ttf in Resources */,
			);
			runOnlyForDeploymentPostprocessing = 0;
		};
		32CF275C24A1269F0049761E /* Resources */ = {
			isa = PBXResourcesBuildPhase;
			buildActionMask = 2147483647;
			files = (
			);
			runOnlyForDeploymentPostprocessing = 0;
		};
		32CF276724A1269F0049761E /* Resources */ = {
			isa = PBXResourcesBuildPhase;
			buildActionMask = 2147483647;
			files = (
			);
			runOnlyForDeploymentPostprocessing = 0;
		};
/* End PBXResourcesBuildPhase section */

/* Begin PBXSourcesBuildPhase section */
		32CF274224A1269D0049761E /* Sources */ = {
			isa = PBXSourcesBuildPhase;
			buildActionMask = 2147483647;
			files = (
				32CF274A24A1269D0049761E /* AppDelegate.swift in Sources */,
				3211C12B24AB13F3006EF20F /* StartViewController.swift in Sources */,
				32B5319924C1C10E00243056 /* YogaUIViewController.swift in Sources */,
				32D4FABA24A3823B006D9B96 /* Extension.swift in Sources */,
				32D4FAC424A38A04006D9B96 /* SettingsViewController.swift in Sources */,
				320CC57E24C21BA000CE1932 /* Constants.swift in Sources */,
				32D4FAC124A38A04006D9B96 /* ChatsViewController.swift in Sources */,
				32B5319C24C1C9F500243056 /* CommonUI.swift in Sources */,
				3211C12D24AB34E7006EF20F /* TopSideRoundTabBar.swift in Sources */,
				32CF274C24A1269D0049761E /* SceneDelegate.swift in Sources */,
				32D4FAC224A38A04006D9B96 /* ArticlesViewController.swift in Sources */,
			);
			runOnlyForDeploymentPostprocessing = 0;
		};
		32CF275A24A1269F0049761E /* Sources */ = {
			isa = PBXSourcesBuildPhase;
			buildActionMask = 2147483647;
			files = (
				32CF276324A1269F0049761E /* iYogaTests.swift in Sources */,
			);
			runOnlyForDeploymentPostprocessing = 0;
		};
		32CF276524A1269F0049761E /* Sources */ = {
			isa = PBXSourcesBuildPhase;
			buildActionMask = 2147483647;
			files = (
				32CF276E24A1269F0049761E /* iYogaUITests.swift in Sources */,
			);
			runOnlyForDeploymentPostprocessing = 0;
		};
/* End PBXSourcesBuildPhase section */

/* Begin PBXTargetDependency section */
		32CF276024A1269F0049761E /* PBXTargetDependency */ = {
			isa = PBXTargetDependency;
			target = 32CF274524A1269D0049761E /* iYoga */;
			targetProxy = 32CF275F24A1269F0049761E /* PBXContainerItemProxy */;
		};
		32CF276B24A1269F0049761E /* PBXTargetDependency */ = {
			isa = PBXTargetDependency;
			target = 32CF274524A1269D0049761E /* iYoga */;
			targetProxy = 32CF276A24A1269F0049761E /* PBXContainerItemProxy */;
		};
/* End PBXTargetDependency section */

/* Begin PBXVariantGroup section */
		32CF275124A1269D0049761E /* Main.storyboard */ = {
			isa = PBXVariantGroup;
			children = (
				32CF275224A1269D0049761E /* Base */,
			);
			name = Main.storyboard;
			sourceTree = "<group>";
		};
		32CF275624A1269F0049761E /* LaunchScreen.storyboard */ = {
			isa = PBXVariantGroup;
			children = (
				32CF275724A1269F0049761E /* Base */,
			);
			name = LaunchScreen.storyboard;
			sourceTree = "<group>";
		};
/* End PBXVariantGroup section */

/* Begin XCBuildConfiguration section */
		32CF277024A1269F0049761E /* Debug */ = {
			isa = XCBuildConfiguration;
			buildSettings = {
				ALWAYS_SEARCH_USER_PATHS = NO;
				CLANG_ANALYZER_NONNULL = YES;
				CLANG_ANALYZER_NUMBER_OBJECT_CONVERSION = YES_AGGRESSIVE;
				CLANG_CXX_LANGUAGE_STANDARD = "gnu++14";
				CLANG_CXX_LIBRARY = "libc++";
				CLANG_ENABLE_MODULES = YES;
				CLANG_ENABLE_OBJC_ARC = YES;
				CLANG_ENABLE_OBJC_WEAK = YES;
				CLANG_WARN_BLOCK_CAPTURE_AUTORELEASING = YES;
				CLANG_WARN_BOOL_CONVERSION = YES;
				CLANG_WARN_COMMA = YES;
				CLANG_WARN_CONSTANT_CONVERSION = YES;
				CLANG_WARN_DEPRECATED_OBJC_IMPLEMENTATIONS = YES;
				CLANG_WARN_DIRECT_OBJC_ISA_USAGE = YES_ERROR;
				CLANG_WARN_DOCUMENTATION_COMMENTS = YES;
				CLANG_WARN_EMPTY_BODY = YES;
				CLANG_WARN_ENUM_CONVERSION = YES;
				CLANG_WARN_INFINITE_RECURSION = YES;
				CLANG_WARN_INT_CONVERSION = YES;
				CLANG_WARN_NON_LITERAL_NULL_CONVERSION = YES;
				CLANG_WARN_OBJC_IMPLICIT_RETAIN_SELF = YES;
				CLANG_WARN_OBJC_LITERAL_CONVERSION = YES;
				CLANG_WARN_OBJC_ROOT_CLASS = YES_ERROR;
				CLANG_WARN_RANGE_LOOP_ANALYSIS = YES;
				CLANG_WARN_STRICT_PROTOTYPES = YES;
				CLANG_WARN_SUSPICIOUS_MOVE = YES;
				CLANG_WARN_UNGUARDED_AVAILABILITY = YES_AGGRESSIVE;
				CLANG_WARN_UNREACHABLE_CODE = YES;
				CLANG_WARN__DUPLICATE_METHOD_MATCH = YES;
				COPY_PHASE_STRIP = NO;
				DEBUG_INFORMATION_FORMAT = dwarf;
				ENABLE_STRICT_OBJC_MSGSEND = YES;
				ENABLE_TESTABILITY = YES;
				GCC_C_LANGUAGE_STANDARD = gnu11;
				GCC_DYNAMIC_NO_PIC = NO;
				GCC_NO_COMMON_BLOCKS = YES;
				GCC_OPTIMIZATION_LEVEL = 0;
				GCC_PREPROCESSOR_DEFINITIONS = (
					"DEBUG=1",
					"$(inherited)",
				);
				GCC_WARN_64_TO_32_BIT_CONVERSION = YES;
				GCC_WARN_ABOUT_RETURN_TYPE = YES_ERROR;
				GCC_WARN_UNDECLARED_SELECTOR = YES;
				GCC_WARN_UNINITIALIZED_AUTOS = YES_AGGRESSIVE;
				GCC_WARN_UNUSED_FUNCTION = YES;
				GCC_WARN_UNUSED_VARIABLE = YES;
				IPHONEOS_DEPLOYMENT_TARGET = 13.5;
				MTL_ENABLE_DEBUG_INFO = INCLUDE_SOURCE;
				MTL_FAST_MATH = YES;
				ONLY_ACTIVE_ARCH = YES;
				SDKROOT = iphoneos;
				SWIFT_ACTIVE_COMPILATION_CONDITIONS = DEBUG;
				SWIFT_OPTIMIZATION_LEVEL = "-Onone";
			};
			name = Debug;
		};
		32CF277124A1269F0049761E /* Release */ = {
			isa = XCBuildConfiguration;
			buildSettings = {
				ALWAYS_SEARCH_USER_PATHS = NO;
				CLANG_ANALYZER_NONNULL = YES;
				CLANG_ANALYZER_NUMBER_OBJECT_CONVERSION = YES_AGGRESSIVE;
				CLANG_CXX_LANGUAGE_STANDARD = "gnu++14";
				CLANG_CXX_LIBRARY = "libc++";
				CLANG_ENABLE_MODULES = YES;
				CLANG_ENABLE_OBJC_ARC = YES;
				CLANG_ENABLE_OBJC_WEAK = YES;
				CLANG_WARN_BLOCK_CAPTURE_AUTORELEASING = YES;
				CLANG_WARN_BOOL_CONVERSION = YES;
				CLANG_WARN_COMMA = YES;
				CLANG_WARN_CONSTANT_CONVERSION = YES;
				CLANG_WARN_DEPRECATED_OBJC_IMPLEMENTATIONS = YES;
				CLANG_WARN_DIRECT_OBJC_ISA_USAGE = YES_ERROR;
				CLANG_WARN_DOCUMENTATION_COMMENTS = YES;
				CLANG_WARN_EMPTY_BODY = YES;
				CLANG_WARN_ENUM_CONVERSION = YES;
				CLANG_WARN_INFINITE_RECURSION = YES;
				CLANG_WARN_INT_CONVERSION = YES;
				CLANG_WARN_NON_LITERAL_NULL_CONVERSION = YES;
				CLANG_WARN_OBJC_IMPLICIT_RETAIN_SELF = YES;
				CLANG_WARN_OBJC_LITERAL_CONVERSION = YES;
				CLANG_WARN_OBJC_ROOT_CLASS = YES_ERROR;
				CLANG_WARN_RANGE_LOOP_ANALYSIS = YES;
				CLANG_WARN_STRICT_PROTOTYPES = YES;
				CLANG_WARN_SUSPICIOUS_MOVE = YES;
				CLANG_WARN_UNGUARDED_AVAILABILITY = YES_AGGRESSIVE;
				CLANG_WARN_UNREACHABLE_CODE = YES;
				CLANG_WARN__DUPLICATE_METHOD_MATCH = YES;
				COPY_PHASE_STRIP = NO;
				DEBUG_INFORMATION_FORMAT = "dwarf-with-dsym";
				ENABLE_NS_ASSERTIONS = NO;
				ENABLE_STRICT_OBJC_MSGSEND = YES;
				GCC_C_LANGUAGE_STANDARD = gnu11;
				GCC_NO_COMMON_BLOCKS = YES;
				GCC_WARN_64_TO_32_BIT_CONVERSION = YES;
				GCC_WARN_ABOUT_RETURN_TYPE = YES_ERROR;
				GCC_WARN_UNDECLARED_SELECTOR = YES;
				GCC_WARN_UNINITIALIZED_AUTOS = YES_AGGRESSIVE;
				GCC_WARN_UNUSED_FUNCTION = YES;
				GCC_WARN_UNUSED_VARIABLE = YES;
				IPHONEOS_DEPLOYMENT_TARGET = 13.5;
				MTL_ENABLE_DEBUG_INFO = NO;
				MTL_FAST_MATH = YES;
				SDKROOT = iphoneos;
				SWIFT_COMPILATION_MODE = wholemodule;
				SWIFT_OPTIMIZATION_LEVEL = "-O";
				VALIDATE_PRODUCT = YES;
			};
			name = Release;
		};
		32CF277324A1269F0049761E /* Debug */ = {
			isa = XCBuildConfiguration;
			buildSettings = {
				ASSETCATALOG_COMPILER_APPICON_NAME = AppIcon;
				CODE_SIGN_STYLE = Automatic;
				INFOPLIST_FILE = iYoga/Info.plist;
				IPHONEOS_DEPLOYMENT_TARGET = 13.5;
				LD_RUNPATH_SEARCH_PATHS = (
					"$(inherited)",
					"@executable_path/Frameworks",
				);
				PRODUCT_BUNDLE_IDENTIFIER = com.workmetrik.iYoga;
				PRODUCT_NAME = "$(TARGET_NAME)";
				SWIFT_VERSION = 5.0;
				TARGETED_DEVICE_FAMILY = "1,2";
			};
			name = Debug;
		};
		32CF277424A1269F0049761E /* Release */ = {
			isa = XCBuildConfiguration;
			buildSettings = {
				ASSETCATALOG_COMPILER_APPICON_NAME = AppIcon;
				CODE_SIGN_STYLE = Automatic;
				INFOPLIST_FILE = iYoga/Info.plist;
				IPHONEOS_DEPLOYMENT_TARGET = 13.5;
				LD_RUNPATH_SEARCH_PATHS = (
					"$(inherited)",
					"@executable_path/Frameworks",
				);
				PRODUCT_BUNDLE_IDENTIFIER = com.workmetrik.iYoga;
				PRODUCT_NAME = "$(TARGET_NAME)";
				SWIFT_VERSION = 5.0;
				TARGETED_DEVICE_FAMILY = "1,2";
			};
			name = Release;
		};
		32CF277624A1269F0049761E /* Debug */ = {
			isa = XCBuildConfiguration;
			buildSettings = {
				ALWAYS_EMBED_SWIFT_STANDARD_LIBRARIES = YES;
				BUNDLE_LOADER = "$(TEST_HOST)";
				CODE_SIGN_STYLE = Automatic;
				INFOPLIST_FILE = iYogaTests/Info.plist;
				IPHONEOS_DEPLOYMENT_TARGET = 13.5;
				LD_RUNPATH_SEARCH_PATHS = (
					"$(inherited)",
					"@executable_path/Frameworks",
					"@loader_path/Frameworks",
				);
				PRODUCT_BUNDLE_IDENTIFIER = com.workmetrik.iYogaTests;
				PRODUCT_NAME = "$(TARGET_NAME)";
				SWIFT_VERSION = 5.0;
				TARGETED_DEVICE_FAMILY = "1,2";
				TEST_HOST = "$(BUILT_PRODUCTS_DIR)/iYoga.app/iYoga";
			};
			name = Debug;
		};
		32CF277724A1269F0049761E /* Release */ = {
			isa = XCBuildConfiguration;
			buildSettings = {
				ALWAYS_EMBED_SWIFT_STANDARD_LIBRARIES = YES;
				BUNDLE_LOADER = "$(TEST_HOST)";
				CODE_SIGN_STYLE = Automatic;
				INFOPLIST_FILE = iYogaTests/Info.plist;
				IPHONEOS_DEPLOYMENT_TARGET = 13.5;
				LD_RUNPATH_SEARCH_PATHS = (
					"$(inherited)",
					"@executable_path/Frameworks",
					"@loader_path/Frameworks",
				);
				PRODUCT_BUNDLE_IDENTIFIER = com.workmetrik.iYogaTests;
				PRODUCT_NAME = "$(TARGET_NAME)";
				SWIFT_VERSION = 5.0;
				TARGETED_DEVICE_FAMILY = "1,2";
				TEST_HOST = "$(BUILT_PRODUCTS_DIR)/iYoga.app/iYoga";
			};
			name = Release;
		};
		32CF277924A1269F0049761E /* Debug */ = {
			isa = XCBuildConfiguration;
			buildSettings = {
				ALWAYS_EMBED_SWIFT_STANDARD_LIBRARIES = YES;
				CODE_SIGN_STYLE = Automatic;
				INFOPLIST_FILE = iYogaUITests/Info.plist;
				LD_RUNPATH_SEARCH_PATHS = (
					"$(inherited)",
					"@executable_path/Frameworks",
					"@loader_path/Frameworks",
				);
				PRODUCT_BUNDLE_IDENTIFIER = com.workmetrik.iYogaUITests;
				PRODUCT_NAME = "$(TARGET_NAME)";
				SWIFT_VERSION = 5.0;
				TARGETED_DEVICE_FAMILY = "1,2";
				TEST_TARGET_NAME = iYoga;
			};
			name = Debug;
		};
		32CF277A24A1269F0049761E /* Release */ = {
			isa = XCBuildConfiguration;
			buildSettings = {
				ALWAYS_EMBED_SWIFT_STANDARD_LIBRARIES = YES;
				CODE_SIGN_STYLE = Automatic;
				INFOPLIST_FILE = iYogaUITests/Info.plist;
				LD_RUNPATH_SEARCH_PATHS = (
					"$(inherited)",
					"@executable_path/Frameworks",
					"@loader_path/Frameworks",
				);
				PRODUCT_BUNDLE_IDENTIFIER = com.workmetrik.iYogaUITests;
				PRODUCT_NAME = "$(TARGET_NAME)";
				SWIFT_VERSION = 5.0;
				TARGETED_DEVICE_FAMILY = "1,2";
				TEST_TARGET_NAME = iYoga;
			};
			name = Release;
		};
/* End XCBuildConfiguration section */

/* Begin XCConfigurationList section */
		32CF274124A1269D0049761E /* Build configuration list for PBXProject "iYoga" */ = {
			isa = XCConfigurationList;
			buildConfigurations = (
				32CF277024A1269F0049761E /* Debug */,
				32CF277124A1269F0049761E /* Release */,
			);
			defaultConfigurationIsVisible = 0;
			defaultConfigurationName = Release;
		};
		32CF277224A1269F0049761E /* Build configuration list for PBXNativeTarget "iYoga" */ = {
			isa = XCConfigurationList;
			buildConfigurations = (
				32CF277324A1269F0049761E /* Debug */,
				32CF277424A1269F0049761E /* Release */,
			);
			defaultConfigurationIsVisible = 0;
			defaultConfigurationName = Release;
		};
		32CF277524A1269F0049761E /* Build configuration list for PBXNativeTarget "iYogaTests" */ = {
			isa = XCConfigurationList;
			buildConfigurations = (
				32CF277624A1269F0049761E /* Debug */,
				32CF277724A1269F0049761E /* Release */,
			);
			defaultConfigurationIsVisible = 0;
			defaultConfigurationName = Release;
		};
		32CF277824A1269F0049761E /* Build configuration list for PBXNativeTarget "iYogaUITests" */ = {
			isa = XCConfigurationList;
			buildConfigurations = (
				32CF277924A1269F0049761E /* Debug */,
				32CF277A24A1269F0049761E /* Release */,
			);
			defaultConfigurationIsVisible = 0;
			defaultConfigurationName = Release;
		};
/* End XCConfigurationList section */
	};
	rootObject = 32CF273E24A1269D0049761E /* Project object */;
}
